
Microsoft Visual Studio Solution File, Format Version 12.00
# Visual Studio Version 16
VisualStudioVersion = 16.0.30114.105
MinimumVisualStudioVersion = 10.0.40219.1
Project("{9A19103F-16F7-4668-BE54-9A1E7A4F7556}") = "Fotbol.Commun", "Fotbol.Commun\Fotbol.Commun.csproj", "{C0AC29DC-0A38-44F8-B478-AE7D4A054601}"
EndProject
Project("{9A19103F-16F7-4668-BE54-9A1E7A4F7556}") = "Fotbol.Web", "Fotbol.Web\Fotbol.Web.csproj", "{8D90EDC5-038C-4CDD-A92F-5992F69375D0}"
EndProject
Project("{FAE04EC0-301F-11D3-BF4B-00C04F79EFBC}") = "Fotbol.Prism", "Fotbol.Prism\Fotbol.Prism\Fotbol.Prism.csproj", "{5C443F6D-0BA0-4A9F-A354-7FCD9DAB8B39}"
EndProject
Project("{FAE04EC0-301F-11D3-BF4B-00C04F79EFBC}") = "Fotbol.Prism.Android", "Fotbol.Prism\Fotbol.Prism.Android\Fotbol.Prism.Android.csproj", "{C609C2E3-7057-4C3C-B47D-112DF7724646}"
EndProject
Project("{FAE04EC0-301F-11D3-BF4B-00C04F79EFBC}") = "Fotbol.Prism.iOS", "Fotbol.Prism\Fotbol.Prism.iOS\Fotbol.Prism.iOS.csproj", "{E7EFDBB9-425D-4B99-82AB-086A4501E102}"
EndProject
Project("{FAE04EC0-301F-11D3-BF4B-00C04F79EFBC}") = "Fotbol.Cross.Android", "Fotbol.Cross.Android\Fotbol.Cross.Android.csproj", "{2FAE17B3-22C2-4969-9915-97CF0DA1B27D}"
EndProject
Project("{FAE04EC0-301F-11D3-BF4B-00C04F79EFBC}") = "Fotbol.Cross.IOS", "Fotbol.Cross.IOS\Fotbol.Cross.IOS.csproj", "{D4E3DA9C-3AD9-4B7F-BF0C-A3BD87FF4FFF}"
EndProject
Global
	GlobalSection(SolutionConfigurationPlatforms) = preSolution
		Ad-Hoc|Any CPU = Ad-Hoc|Any CPU
		Ad-Hoc|iPhone = Ad-Hoc|iPhone
		Ad-Hoc|iPhoneSimulator = Ad-Hoc|iPhoneSimulator
		AppStore|Any CPU = AppStore|Any CPU
		AppStore|iPhone = AppStore|iPhone
		AppStore|iPhoneSimulator = AppStore|iPhoneSimulator
		Debug|Any CPU = Debug|Any CPU
		Debug|iPhone = Debug|iPhone
		Debug|iPhoneSimulator = Debug|iPhoneSimulator
		Release|Any CPU = Release|Any CPU
		Release|iPhone = Release|iPhone
		Release|iPhoneSimulator = Release|iPhoneSimulator
	EndGlobalSection
	GlobalSection(ProjectConfigurationPlatforms) = postSolution
		{C0AC29DC-0A38-44F8-B478-AE7D4A054601}.Ad-Hoc|Any CPU.ActiveCfg = Release|Any CPU
		{C0AC29DC-0A38-44F8-B478-AE7D4A054601}.Ad-Hoc|Any CPU.Build.0 = Release|Any CPU
		{C0AC29DC-0A38-44F8-B478-AE7D4A054601}.Ad-Hoc|iPhone.ActiveCfg = Release|Any CPU
		{C0AC29DC-0A38-44F8-B478-AE7D4A054601}.Ad-Hoc|iPhone.Build.0 = Release|Any CPU
		{C0AC29DC-0A38-44F8-B478-AE7D4A054601}.Ad-Hoc|iPhoneSimulator.ActiveCfg = Release|Any CPU
		{C0AC29DC-0A38-44F8-B478-AE7D4A054601}.Ad-Hoc|iPhoneSimulator.Build.0 = Release|Any CPU
		{C0AC29DC-0A38-44F8-B478-AE7D4A054601}.AppStore|Any CPU.ActiveCfg = Release|Any CPU
		{C0AC29DC-0A38-44F8-B478-AE7D4A054601}.AppStore|Any CPU.Build.0 = Release|Any CPU
		{C0AC29DC-0A38-44F8-B478-AE7D4A054601}.AppStore|iPhone.ActiveCfg = Release|Any CPU
		{C0AC29DC-0A38-44F8-B478-AE7D4A054601}.AppStore|iPhone.Build.0 = Release|Any CPU
		{C0AC29DC-0A38-44F8-B478-AE7D4A054601}.AppStore|iPhoneSimulator.ActiveCfg = Release|Any CPU
		{C0AC29DC-0A38-44F8-B478-AE7D4A054601}.AppStore|iPhoneSimulator.Build.0 = Release|Any CPU
		{C0AC29DC-0A38-44F8-B478-AE7D4A054601}.Debug|Any CPU.ActiveCfg = Debug|Any CPU
		{C0AC29DC-0A38-44F8-B478-AE7D4A054601}.Debug|Any CPU.Build.0 = Debug|Any CPU
		{C0AC29DC-0A38-44F8-B478-AE7D4A054601}.Debug|iPhone.ActiveCfg = Debug|Any CPU
		{C0AC29DC-0A38-44F8-B478-AE7D4A054601}.Debug|iPhone.Build.0 = Debug|Any CPU
		{C0AC29DC-0A38-44F8-B478-AE7D4A054601}.Debug|iPhoneSimulator.ActiveCfg = Debug|Any CPU
		{C0AC29DC-0A38-44F8-B478-AE7D4A054601}.Debug|iPhoneSimulator.Build.0 = Debug|Any CPU
		{C0AC29DC-0A38-44F8-B478-AE7D4A054601}.Release|Any CPU.ActiveCfg = Release|Any CPU
		{C0AC29DC-0A38-44F8-B478-AE7D4A054601}.Release|Any CPU.Build.0 = Release|Any CPU
		{C0AC29DC-0A38-44F8-B478-AE7D4A054601}.Release|iPhone.ActiveCfg = Release|Any CPU
		{C0AC29DC-0A38-44F8-B478-AE7D4A054601}.Release|iPhone.Build.0 = Release|Any CPU
		{C0AC29DC-0A38-44F8-B478-AE7D4A054601}.Release|iPhoneSimulator.ActiveCfg = Release|Any CPU
		{C0AC29DC-0A38-44F8-B478-AE7D4A054601}.Release|iPhoneSimulator.Build.0 = Release|Any CPU
		{8D90EDC5-038C-4CDD-A92F-5992F69375D0}.Ad-Hoc|Any CPU.ActiveCfg = Release|Any CPU
		{8D90EDC5-038C-4CDD-A92F-5992F69375D0}.Ad-Hoc|Any CPU.Build.0 = Release|Any CPU
		{8D90EDC5-038C-4CDD-A92F-5992F69375D0}.Ad-Hoc|iPhone.ActiveCfg = Release|Any CPU
		{8D90EDC5-038C-4CDD-A92F-5992F69375D0}.Ad-Hoc|iPhone.Build.0 = Release|Any CPU
		{8D90EDC5-038C-4CDD-A92F-5992F69375D0}.Ad-Hoc|iPhoneSimulator.ActiveCfg = Release|Any CPU
		{8D90EDC5-038C-4CDD-A92F-5992F69375D0}.Ad-Hoc|iPhoneSimulator.Build.0 = Release|Any CPU
		{8D90EDC5-038C-4CDD-A92F-5992F69375D0}.AppStore|Any CPU.ActiveCfg = Release|Any CPU
		{8D90EDC5-038C-4CDD-A92F-5992F69375D0}.AppStore|Any CPU.Build.0 = Release|Any CPU
		{8D90EDC5-038C-4CDD-A92F-5992F69375D0}.AppStore|iPhone.ActiveCfg = Release|Any CPU
		{8D90EDC5-038C-4CDD-A92F-5992F69375D0}.AppStore|iPhone.Build.0 = Release|Any CPU
		{8D90EDC5-038C-4CDD-A92F-5992F69375D0}.AppStore|iPhoneSimulator.ActiveCfg = Release|Any CPU
		{8D90EDC5-038C-4CDD-A92F-5992F69375D0}.AppStore|iPhoneSimulator.Build.0 = Release|Any CPU
		{8D90EDC5-038C-4CDD-A92F-5992F69375D0}.Debug|Any CPU.ActiveCfg = Debug|Any CPU
		{8D90EDC5-038C-4CDD-A92F-5992F69375D0}.Debug|Any CPU.Build.0 = Debug|Any CPU
		{8D90EDC5-038C-4CDD-A92F-5992F69375D0}.Debug|iPhone.ActiveCfg = Debug|Any CPU
		{8D90EDC5-038C-4CDD-A92F-5992F69375D0}.Debug|iPhone.Build.0 = Debug|Any CPU
		{8D90EDC5-038C-4CDD-A92F-5992F69375D0}.Debug|iPhoneSimulator.ActiveCfg = Debug|Any CPU
		{8D90EDC5-038C-4CDD-A92F-5992F69375D0}.Debug|iPhoneSimulator.Build.0 = Debug|Any CPU
		{8D90EDC5-038C-4CDD-A92F-5992F69375D0}.Release|Any CPU.ActiveCfg = Release|Any CPU
		{8D90EDC5-038C-4CDD-A92F-5992F69375D0}.Release|Any CPU.Build.0 = Release|Any CPU
		{8D90EDC5-038C-4CDD-A92F-5992F69375D0}.Release|iPhone.ActiveCfg = Release|Any CPU
		{8D90EDC5-038C-4CDD-A92F-5992F69375D0}.Release|iPhone.Build.0 = Release|Any CPU
		{8D90EDC5-038C-4CDD-A92F-5992F69375D0}.Release|iPhoneSimulator.ActiveCfg = Release|Any CPU
		{8D90EDC5-038C-4CDD-A92F-5992F69375D0}.Release|iPhoneSimulator.Build.0 = Release|Any CPU
		{5C443F6D-0BA0-4A9F-A354-7FCD9DAB8B39}.Ad-Hoc|Any CPU.ActiveCfg = Debug|Any CPU
		{5C443F6D-0BA0-4A9F-A354-7FCD9DAB8B39}.Ad-Hoc|Any CPU.Build.0 = Debug|Any CPU
		{5C443F6D-0BA0-4A9F-A354-7FCD9DAB8B39}.Ad-Hoc|iPhone.ActiveCfg = Debug|Any CPU
		{5C443F6D-0BA0-4A9F-A354-7FCD9DAB8B39}.Ad-Hoc|iPhone.Build.0 = Debug|Any CPU
		{5C443F6D-0BA0-4A9F-A354-7FCD9DAB8B39}.Ad-Hoc|iPhoneSimulator.ActiveCfg = Debug|Any CPU
		{5C443F6D-0BA0-4A9F-A354-7FCD9DAB8B39}.Ad-Hoc|iPhoneSimulator.Build.0 = Debug|Any CPU
		{5C443F6D-0BA0-4A9F-A354-7FCD9DAB8B39}.AppStore|Any CPU.ActiveCfg = Debug|Any CPU
		{5C443F6D-0BA0-4A9F-A354-7FCD9DAB8B39}.AppStore|Any CPU.Build.0 = Debug|Any CPU
		{5C443F6D-0BA0-4A9F-A354-7FCD9DAB8B39}.AppStore|iPhone.ActiveCfg = Debug|Any CPU
		{5C443F6D-0BA0-4A9F-A354-7FCD9DAB8B39}.AppStore|iPhone.Build.0 = Debug|Any CPU
		{5C443F6D-0BA0-4A9F-A354-7FCD9DAB8B39}.AppStore|iPhoneSimulator.ActiveCfg = Debug|Any CPU
		{5C443F6D-0BA0-4A9F-A354-7FCD9DAB8B39}.AppStore|iPhoneSimulator.Build.0 = Debug|Any CPU
		{5C443F6D-0BA0-4A9F-A354-7FCD9DAB8B39}.Debug|Any CPU.ActiveCfg = Debug|Any CPU
		{5C443F6D-0BA0-4A9F-A354-7FCD9DAB8B39}.Debug|Any CPU.Build.0 = Debug|Any CPU
		{5C443F6D-0BA0-4A9F-A354-7FCD9DAB8B39}.Debug|iPhone.ActiveCfg = Debug|Any CPU
		{5C443F6D-0BA0-4A9F-A354-7FCD9DAB8B39}.Debug|iPhone.Build.0 = Debug|Any CPU
		{5C443F6D-0BA0-4A9F-A354-7FCD9DAB8B39}.Debug|iPhoneSimulator.ActiveCfg = Debug|Any CPU
		{5C443F6D-0BA0-4A9F-A354-7FCD9DAB8B39}.Debug|iPhoneSimulator.Build.0 = Debug|Any CPU
		{5C443F6D-0BA0-4A9F-A354-7FCD9DAB8B39}.Release|Any CPU.ActiveCfg = Release|Any CPU
		{5C443F6D-0BA0-4A9F-A354-7FCD9DAB8B39}.Release|Any CPU.Build.0 = Release|Any CPU
		{5C443F6D-0BA0-4A9F-A354-7FCD9DAB8B39}.Release|iPhone.ActiveCfg = Release|Any CPU
		{5C443F6D-0BA0-4A9F-A354-7FCD9DAB8B39}.Release|iPhone.Build.0 = Release|Any CPU
		{5C443F6D-0BA0-4A9F-A354-7FCD9DAB8B39}.Release|iPhoneSimulator.ActiveCfg = Release|Any CPU
		{5C443F6D-0BA0-4A9F-A354-7FCD9DAB8B39}.Release|iPhoneSimulator.Build.0 = Release|Any CPU
		{C609C2E3-7057-4C3C-B47D-112DF7724646}.Ad-Hoc|Any CPU.ActiveCfg = Release|Any CPU
		{C609C2E3-7057-4C3C-B47D-112DF7724646}.Ad-Hoc|Any CPU.Build.0 = Release|Any CPU
		{C609C2E3-7057-4C3C-B47D-112DF7724646}.Ad-Hoc|Any CPU.Deploy.0 = Release|Any CPU
		{C609C2E3-7057-4C3C-B47D-112DF7724646}.Ad-Hoc|iPhone.ActiveCfg = Release|Any CPU
		{C609C2E3-7057-4C3C-B47D-112DF7724646}.Ad-Hoc|iPhone.Build.0 = Release|Any CPU
		{C609C2E3-7057-4C3C-B47D-112DF7724646}.Ad-Hoc|iPhone.Deploy.0 = Release|Any CPU
		{C609C2E3-7057-4C3C-B47D-112DF7724646}.Ad-Hoc|iPhoneSimulator.ActiveCfg = Release|Any CPU
		{C609C2E3-7057-4C3C-B47D-112DF7724646}.Ad-Hoc|iPhoneSimulator.Build.0 = Release|Any CPU
		{C609C2E3-7057-4C3C-B47D-112DF7724646}.Ad-Hoc|iPhoneSimulator.Deploy.0 = Release|Any CPU
		{C609C2E3-7057-4C3C-B47D-112DF7724646}.AppStore|Any CPU.ActiveCfg = Release|Any CPU
		{C609C2E3-7057-4C3C-B47D-112DF7724646}.AppStore|Any CPU.Build.0 = Release|Any CPU
		{C609C2E3-7057-4C3C-B47D-112DF7724646}.AppStore|Any CPU.Deploy.0 = Release|Any CPU
		{C609C2E3-7057-4C3C-B47D-112DF7724646}.AppStore|iPhone.ActiveCfg = Release|Any CPU
		{C609C2E3-7057-4C3C-B47D-112DF7724646}.AppStore|iPhone.Build.0 = Release|Any CPU
		{C609C2E3-7057-4C3C-B47D-112DF7724646}.AppStore|iPhone.Deploy.0 = Release|Any CPU
		{C609C2E3-7057-4C3C-B47D-112DF7724646}.AppStore|iPhoneSimulator.ActiveCfg = Release|Any CPU
		{C609C2E3-7057-4C3C-B47D-112DF7724646}.AppStore|iPhoneSimulator.Build.0 = Release|Any CPU
		{C609C2E3-7057-4C3C-B47D-112DF7724646}.AppStore|iPhoneSimulator.Deploy.0 = Release|Any CPU
		{C609C2E3-7057-4C3C-B47D-112DF7724646}.Debug|Any CPU.ActiveCfg = Debug|Any CPU
		{C609C2E3-7057-4C3C-B47D-112DF7724646}.Debug|Any CPU.Build.0 = Debug|Any CPU
		{C609C2E3-7057-4C3C-B47D-112DF7724646}.Debug|Any CPU.Deploy.0 = Debug|Any CPU
		{C609C2E3-7057-4C3C-B47D-112DF7724646}.Debug|iPhone.ActiveCfg = Debug|Any CPU
		{C609C2E3-7057-4C3C-B47D-112DF7724646}.Debug|iPhone.Build.0 = Debug|Any CPU
		{C609C2E3-7057-4C3C-B47D-112DF7724646}.Debug|iPhone.Deploy.0 = Debug|Any CPU
		{C609C2E3-7057-4C3C-B47D-112DF7724646}.Debug|iPhoneSimulator.ActiveCfg = Debug|Any CPU
		{C609C2E3-7057-4C3C-B47D-112DF7724646}.Debug|iPhoneSimulator.Build.0 = Debug|Any CPU
		{C609C2E3-7057-4C3C-B47D-112DF7724646}.Debug|iPhoneSimulator.Deploy.0 = Debug|Any CPU
		{C609C2E3-7057-4C3C-B47D-112DF7724646}.Release|Any CPU.ActiveCfg = Release|Any CPU
		{C609C2E3-7057-4C3C-B47D-112DF7724646}.Release|Any CPU.Build.0 = Release|Any CPU
		{C609C2E3-7057-4C3C-B47D-112DF7724646}.Release|Any CPU.Deploy.0 = Release|Any CPU
		{C609C2E3-7057-4C3C-B47D-112DF7724646}.Release|iPhone.ActiveCfg = Release|Any CPU
		{C609C2E3-7057-4C3C-B47D-112DF7724646}.Release|iPhone.Build.0 = Release|Any CPU
		{C609C2E3-7057-4C3C-B47D-112DF7724646}.Release|iPhone.Deploy.0 = Release|Any CPU
		{C609C2E3-7057-4C3C-B47D-112DF7724646}.Release|iPhoneSimulator.ActiveCfg = Release|Any CPU
		{C609C2E3-7057-4C3C-B47D-112DF7724646}.Release|iPhoneSimulator.Build.0 = Release|Any CPU
		{C609C2E3-7057-4C3C-B47D-112DF7724646}.Release|iPhoneSimulator.Deploy.0 = Release|Any CPU
		{E7EFDBB9-425D-4B99-82AB-086A4501E102}.Ad-Hoc|Any CPU.ActiveCfg = Ad-Hoc|iPhone
		{E7EFDBB9-425D-4B99-82AB-086A4501E102}.Ad-Hoc|iPhone.ActiveCfg = Ad-Hoc|iPhone
		{E7EFDBB9-425D-4B99-82AB-086A4501E102}.Ad-Hoc|iPhone.Build.0 = Ad-Hoc|iPhone
		{E7EFDBB9-425D-4B99-82AB-086A4501E102}.Ad-Hoc|iPhoneSimulator.ActiveCfg = Ad-Hoc|iPhoneSimulator
		{E7EFDBB9-425D-4B99-82AB-086A4501E102}.Ad-Hoc|iPhoneSimulator.Build.0 = Ad-Hoc|iPhoneSimulator
		{E7EFDBB9-425D-4B99-82AB-086A4501E102}.AppStore|Any CPU.ActiveCfg = AppStore|iPhone
		{E7EFDBB9-425D-4B99-82AB-086A4501E102}.AppStore|iPhone.ActiveCfg = AppStore|iPhone
		{E7EFDBB9-425D-4B99-82AB-086A4501E102}.AppStore|iPhone.Build.0 = AppStore|iPhone
		{E7EFDBB9-425D-4B99-82AB-086A4501E102}.AppStore|iPhoneSimulator.ActiveCfg = AppStore|iPhoneSimulator
		{E7EFDBB9-425D-4B99-82AB-086A4501E102}.AppStore|iPhoneSimulator.Build.0 = AppStore|iPhoneSimulator
		{E7EFDBB9-425D-4B99-82AB-086A4501E102}.Debug|Any CPU.ActiveCfg = Debug|iPhone
		{E7EFDBB9-425D-4B99-82AB-086A4501E102}.Debug|iPhone.ActiveCfg = Debug|iPhone
		{E7EFDBB9-425D-4B99-82AB-086A4501E102}.Debug|iPhone.Build.0 = Debug|iPhone
		{E7EFDBB9-425D-4B99-82AB-086A4501E102}.Debug|iPhoneSimulator.ActiveCfg = Debug|iPhoneSimulator
		{E7EFDBB9-425D-4B99-82AB-086A4501E102}.Debug|iPhoneSimulator.Build.0 = Debug|iPhoneSimulator
		{E7EFDBB9-425D-4B99-82AB-086A4501E102}.Release|Any CPU.ActiveCfg = Release|iPhone
		{E7EFDBB9-425D-4B99-82AB-086A4501E102}.Release|iPhone.ActiveCfg = Release|iPhone
		{E7EFDBB9-425D-4B99-82AB-086A4501E102}.Release|iPhone.Build.0 = Release|iPhone
		{E7EFDBB9-425D-4B99-82AB-086A4501E102}.Release|iPhoneSimulator.ActiveCfg = Release|iPhoneSimulator
		{E7EFDBB9-425D-4B99-82AB-086A4501E102}.Release|iPhoneSimulator.Build.0 = Release|iPhoneSimulator
		{2FAE17B3-22C2-4969-9915-97CF0DA1B27D}.Ad-Hoc|Any CPU.ActiveCfg = Release|Any CPU
		{2FAE17B3-22C2-4969-9915-97CF0DA1B27D}.Ad-Hoc|Any CPU.Build.0 = Release|Any CPU
		{2FAE17B3-22C2-4969-9915-97CF0DA1B27D}.Ad-Hoc|Any CPU.Deploy.0 = Release|Any CPU
		{2FAE17B3-22C2-4969-9915-97CF0DA1B27D}.Ad-Hoc|iPhone.ActiveCfg = Release|Any CPU
		{2FAE17B3-22C2-4969-9915-97CF0DA1B27D}.Ad-Hoc|iPhone.Build.0 = Release|Any CPU
		{2FAE17B3-22C2-4969-9915-97CF0DA1B27D}.Ad-Hoc|iPhone.Deploy.0 = Release|Any CPU
		{2FAE17B3-22C2-4969-9915-97CF0DA1B27D}.Ad-Hoc|iPhoneSimulator.ActiveCfg = Release|Any CPU
		{2FAE17B3-22C2-4969-9915-97CF0DA1B27D}.Ad-Hoc|iPhoneSimulator.Build.0 = Release|Any CPU
		{2FAE17B3-22C2-4969-9915-97CF0DA1B27D}.Ad-Hoc|iPhoneSimulator.Deploy.0 = Release|Any CPU
		{2FAE17B3-22C2-4969-9915-97CF0DA1B27D}.AppStore|Any CPU.ActiveCfg = Release|Any CPU
		{2FAE17B3-22C2-4969-9915-97CF0DA1B27D}.AppStore|Any CPU.Build.0 = Release|Any CPU
		{2FAE17B3-22C2-4969-9915-97CF0DA1B27D}.AppStore|Any CPU.Deploy.0 = Release|Any CPU
		{2FAE17B3-22C2-4969-9915-97CF0DA1B27D}.AppStore|iPhone.ActiveCfg = Release|Any CPU
		{2FAE17B3-22C2-4969-9915-97CF0DA1B27D}.AppStore|iPhone.Build.0 = Release|Any CPU
		{2FAE17B3-22C2-4969-9915-97CF0DA1B27D}.AppStore|iPhone.Deploy.0 = Release|Any CPU
		{2FAE17B3-22C2-4969-9915-97CF0DA1B27D}.AppStore|iPhoneSimulator.ActiveCfg = Release|Any CPU
		{2FAE17B3-22C2-4969-9915-97CF0DA1B27D}.AppStore|iPhoneSimulator.Build.0 = Release|Any CPU
		{2FAE17B3-22C2-4969-9915-97CF0DA1B27D}.AppStore|iPhoneSimulator.Deploy.0 = Release|Any CPU
		{2FAE17B3-22C2-4969-9915-97CF0DA1B27D}.Debug|Any CPU.ActiveCfg = Debug|Any CPU
		{2FAE17B3-22C2-4969-9915-97CF0DA1B27D}.Debug|Any CPU.Build.0 = Debug|Any CPU
		{2FAE17B3-22C2-4969-9915-97CF0DA1B27D}.Debug|Any CPU.Deploy.0 = Debug|Any CPU
		{2FAE17B3-22C2-4969-9915-97CF0DA1B27D}.Debug|iPhone.ActiveCfg = Debug|Any CPU
		{2FAE17B3-22C2-4969-9915-97CF0DA1B27D}.Debug|iPhone.Build.0 = Debug|Any CPU
		{2FAE17B3-22C2-4969-9915-97CF0DA1B27D}.Debug|iPhone.Deploy.0 = Debug|Any CPU
		{2FAE17B3-22C2-4969-9915-97CF0DA1B27D}.Debug|iPhoneSimulator.ActiveCfg = Debug|Any CPU
		{2FAE17B3-22C2-4969-9915-97CF0DA1B27D}.Debug|iPhoneSimulator.Build.0 = Debug|Any CPU
		{2FAE17B3-22C2-4969-9915-97CF0DA1B27D}.Debug|iPhoneSimulator.Deploy.0 = Debug|Any CPU
		{2FAE17B3-22C2-4969-9915-97CF0DA1B27D}.Release|Any CPU.ActiveCfg = Release|Any CPU
		{2FAE17B3-22C2-4969-9915-97CF0DA1B27D}.Release|Any CPU.Build.0 = Release|Any CPU
		{2FAE17B3-22C2-4969-9915-97CF0DA1B27D}.Release|Any CPU.Deploy.0 = Release|Any CPU
		{2FAE17B3-22C2-4969-9915-97CF0DA1B27D}.Release|iPhone.ActiveCfg = Release|Any CPU
		{2FAE17B3-22C2-4969-9915-97CF0DA1B27D}.Release|iPhone.Build.0 = Release|Any CPU
		{2FAE17B3-22C2-4969-9915-97CF0DA1B27D}.Release|iPhone.Deploy.0 = Release|Any CPU
		{2FAE17B3-22C2-4969-9915-97CF0DA1B27D}.Release|iPhoneSimulator.ActiveCfg = Release|Any CPU
		{2FAE17B3-22C2-4969-9915-97CF0DA1B27D}.Release|iPhoneSimulator.Build.0 = Release|Any CPU
		{2FAE17B3-22C2-4969-9915-97CF0DA1B27D}.Release|iPhoneSimulator.Deploy.0 = Release|Any CPU
		{D4E3DA9C-3AD9-4B7F-BF0C-A3BD87FF4FFF}.Ad-Hoc|Any CPU.ActiveCfg = Release|iPhone
		{D4E3DA9C-3AD9-4B7F-BF0C-A3BD87FF4FFF}.Ad-Hoc|Any CPU.Build.0 = Release|iPhone
		{D4E3DA9C-3AD9-4B7F-BF0C-A3BD87FF4FFF}.Ad-Hoc|iPhone.ActiveCfg = Release|iPhone
		{D4E3DA9C-3AD9-4B7F-BF0C-A3BD87FF4FFF}.Ad-Hoc|iPhone.Build.0 = Release|iPhone
		{D4E3DA9C-3AD9-4B7F-BF0C-A3BD87FF4FFF}.Ad-Hoc|iPhoneSimulator.ActiveCfg = Release|iPhoneSimulator
		{D4E3DA9C-3AD9-4B7F-BF0C-A3BD87FF4FFF}.Ad-Hoc|iPhoneSimulator.Build.0 = Release|iPhoneSimulator
		{D4E3DA9C-3AD9-4B7F-BF0C-A3BD87FF4FFF}.AppStore|Any CPU.ActiveCfg = Release|iPhone
		{D4E3DA9C-3AD9-4B7F-BF0C-A3BD87FF4FFF}.AppStore|Any CPU.Build.0 = Release|iPhone
		{D4E3DA9C-3AD9-4B7F-BF0C-A3BD87FF4FFF}.AppStore|iPhone.ActiveCfg = Release|iPhone
		{D4E3DA9C-3AD9-4B7F-BF0C-A3BD87FF4FFF}.AppStore|iPhone.Build.0 = Release|iPhone
		{D4E3DA9C-3AD9-4B7F-BF0C-A3BD87FF4FFF}.AppStore|iPhoneSimulator.ActiveCfg = Release|iPhoneSimulator
		{D4E3DA9C-3AD9-4B7F-BF0C-A3BD87FF4FFF}.AppStore|iPhoneSimulator.Build.0 = Release|iPhoneSimulator
		{D4E3DA9C-3AD9-4B7F-BF0C-A3BD87FF4FFF}.Debug|Any CPU.ActiveCfg = Debug|iPhone
		{D4E3DA9C-3AD9-4B7F-BF0C-A3BD87FF4FFF}.Debug|iPhone.ActiveCfg = Debug|iPhone
		{D4E3DA9C-3AD9-4B7F-BF0C-A3BD87FF4FFF}.Debug|iPhone.Build.0 = Debug|iPhone
		{D4E3DA9C-3AD9-4B7F-BF0C-A3BD87FF4FFF}.Debug|iPhoneSimulator.ActiveCfg = Debug|iPhoneSimulator
		{D4E3DA9C-3AD9-4B7F-BF0C-A3BD87FF4FFF}.Debug|iPhoneSimulator.Build.0 = Debug|iPhoneSimulator
		{D4E3DA9C-3AD9-4B7F-BF0C-A3BD87FF4FFF}.Release|Any CPU.ActiveCfg = Release|iPhone
		{D4E3DA9C-3AD9-4B7F-BF0C-A3BD87FF4FFF}.Release|iPhone.ActiveCfg = Release|iPhone
		{D4E3DA9C-3AD9-4B7F-BF0C-A3BD87FF4FFF}.Release|iPhone.Build.0 = Release|iPhone
		{D4E3DA9C-3AD9-4B7F-BF0C-A3BD87FF4FFF}.Release|iPhoneSimulator.ActiveCfg = Release|iPhoneSimulator
		{D4E3DA9C-3AD9-4B7F-BF0C-A3BD87FF4FFF}.Release|iPhoneSimulator.Build.0 = Release|iPhoneSimulator
	EndGlobalSection
	GlobalSection(SolutionProperties) = preSolution
		HideSolutionNode = FALSE
	EndGlobalSection
	GlobalSection(ExtensibilityGlobals) = postSolution
		SolutionGuid = {5FD57DC3-9167-4F10-A472-24658026C5D1}
	EndGlobalSection
EndGlobal
